
Microsoft Visual Studio Solution File, Format Version 12.00
# Visual Studio Version 17
VisualStudioVersion = 17.7.34202.233
MinimumVisualStudioVersion = 10.0.40219.1
Project("{FAE04EC0-301F-11D3-BF4B-00C04F79EFBC}") = "SimpleWebApi", "SimpleWebApi\SimpleWebApi.csproj", "{91515A44-7736-48EE-8733-618D83A6E0B0}"
EndProject
Project("{FAE04EC0-301F-11D3-BF4B-00C04F79EFBC}") = "CQRSWebApi", "CQRSWebApi\CQRSWebApi.csproj", "{A00E08B5-B941-42B7-A149-CA1B579FE67A}"
EndProject
Project("{FAE04EC0-301F-11D3-BF4B-00C04F79EFBC}") = "MediatR_CQRSWebAPI", "MediatR_CQRSWebAPI\MediatR_CQRSWebAPI.csproj", "{B4B25414-3DC3-4930-91D2-BF37E5584AE1}"
EndProject
Global
	GlobalSection(SolutionConfigurationPlatforms) = preSolution
		Debug|Any CPU = Debug|Any CPU
		Release|Any CPU = Release|Any CPU
	EndGlobalSection
	GlobalSection(ProjectConfigurationPlatforms) = postSolution
		{91515A44-7736-48EE-8733-618D83A6E0B0}.Debug|Any CPU.ActiveCfg = Debug|Any CPU
		{91515A44-7736-48EE-8733-618D83A6E0B0}.Debug|Any CPU.Build.0 = Debug|Any CPU
		{91515A44-7736-48EE-8733-618D83A6E0B0}.Release|Any CPU.ActiveCfg = Release|Any CPU
		{91515A44-7736-48EE-8733-618D83A6E0B0}.Release|Any CPU.Build.0 = Release|Any CPU
		{A00E08B5-B941-42B7-A149-CA1B579FE67A}.Debug|Any CPU.ActiveCfg = Debug|Any CPU
		{A00E08B5-B941-42B7-A149-CA1B579FE67A}.Debug|Any CPU.Build.0 = Debug|Any CPU
		{A00E08B5-B941-42B7-A149-CA1B579FE67A}.Release|Any CPU.ActiveCfg = Release|Any CPU
		{A00E08B5-B941-42B7-A149-CA1B579FE67A}.Release|Any CPU.Build.0 = Release|Any CPU
		{B4B25414-3DC3-4930-91D2-BF37E5584AE1}.Debug|Any CPU.ActiveCfg = Debug|Any CPU
		{B4B25414-3DC3-4930-91D2-BF37E5584AE1}.Debug|Any CPU.Build.0 = Debug|Any CPU
		{B4B25414-3DC3-4930-91D2-BF37E5584AE1}.Release|Any CPU.ActiveCfg = Release|Any CPU
		{B4B25414-3DC3-4930-91D2-BF37E5584AE1}.Release|Any CPU.Build.0 = Release|Any CPU
	EndGlobalSection
	GlobalSection(SolutionProperties) = preSolution
		HideSolutionNode = FALSE
	EndGlobalSection
	GlobalSection(ExtensibilityGlobals) = postSolution
		SolutionGuid = {5B35D401-3D1B-404F-9372-1A2116C888A8}
	EndGlobalSection
EndGlobal
